// !$*UTF8*$!
{
	archiveVersion = 1;
	classes = {
	};
	objectVersion = 56;
	objects = {

/* Begin PBXBuildFile section */
		340B89092C66816200A826D4 /* SparIntern_TaskApp.swift in Sources */ = {isa = PBXBuildFile; fileRef = 340B89082C66816200A826D4 /* SparIntern_TaskApp.swift */; };
		340B890B2C66816200A826D4 /* ContentView.swift in Sources */ = {isa = PBXBuildFile; fileRef = 340B890A2C66816200A826D4 /* ContentView.swift */; };
		340B890D2C66816300A826D4 /* Assets.xcassets in Resources */ = {isa = PBXBuildFile; fileRef = 340B890C2C66816300A826D4 /* Assets.xcassets */; };
		340B89102C66816300A826D4 /* Preview Assets.xcassets in Resources */ = {isa = PBXBuildFile; fileRef = 340B890F2C66816300A826D4 /* Preview Assets.xcassets */; };
		340B891B2C66823E00A826D4 /* Product.swift in Sources */ = {isa = PBXBuildFile; fileRef = 340B89162C66823E00A826D4 /* Product.swift */; };
		340B891C2C66823E00A826D4 /* ButtonStyleViewModifier.swift in Sources */ = {isa = PBXBuildFile; fileRef = 340B89182C66823E00A826D4 /* ButtonStyleViewModifier.swift */; };
		340B891D2C66823E00A826D4 /* RoundedCornerShape.swift in Sources */ = {isa = PBXBuildFile; fileRef = 340B89192C66823E00A826D4 /* RoundedCornerShape.swift */; };
		340B891F2C66825500A826D4 /* RootView.swift in Sources */ = {isa = PBXBuildFile; fileRef = 340B891E2C66825500A826D4 /* RootView.swift */; };
		340B89322C66828300A826D4 /* CardInProduct.swift in Sources */ = {isa = PBXBuildFile; fileRef = 340B89202C66828300A826D4 /* CardInProduct.swift */; };
		340B89332C66828300A826D4 /* ProductListView.swift in Sources */ = {isa = PBXBuildFile; fileRef = 340B89212C66828300A826D4 /* ProductListView.swift */; };
		340B89342C66828300A826D4 /* GridView.swift in Sources */ = {isa = PBXBuildFile; fileRef = 340B89232C66828300A826D4 /* GridView.swift */; };
		340B89352C66828300A826D4 /* ListView.swift in Sources */ = {isa = PBXBuildFile; fileRef = 340B89242C66828300A826D4 /* ListView.swift */; };
		340B89362C66828300A826D4 /* ProductCard.swift in Sources */ = {isa = PBXBuildFile; fileRef = 340B89252C66828300A826D4 /* ProductCard.swift */; };
		340B89372C66828300A826D4 /* CardActionList.swift in Sources */ = {isa = PBXBuildFile; fileRef = 340B89272C66828300A826D4 /* CardActionList.swift */; };
		340B89382C66828300A826D4 /* CardButtonInActive.swift in Sources */ = {isa = PBXBuildFile; fileRef = 340B89282C66828300A826D4 /* CardButtonInActive.swift */; };
		340B89392C66828300A826D4 /* CardButtonNoActive.swift in Sources */ = {isa = PBXBuildFile; fileRef = 340B89292C66828300A826D4 /* CardButtonNoActive.swift */; };
		340B893A2C66828300A826D4 /* CardHorizontal.swift in Sources */ = {isa = PBXBuildFile; fileRef = 340B892A2C66828300A826D4 /* CardHorizontal.swift */; };
		340B893B2C66828300A826D4 /* CardImageSection.swift in Sources */ = {isa = PBXBuildFile; fileRef = 340B892B2C66828300A826D4 /* CardImageSection.swift */; };
		340B893C2C66828300A826D4 /* CardInfoSection.swift in Sources */ = {isa = PBXBuildFile; fileRef = 340B892C2C66828300A826D4 /* CardInfoSection.swift */; };
		340B893D2C66828300A826D4 /* CardVertical.swift in Sources */ = {isa = PBXBuildFile; fileRef = 340B892D2C66828300A826D4 /* CardVertical.swift */; };
		340B893E2C66828300A826D4 /* ProductViewModel.swift in Sources */ = {isa = PBXBuildFile; fileRef = 340B89302C66828300A826D4 /* ProductViewModel.swift */; };
/* End PBXBuildFile section */

/* Begin PBXFileReference section */
		340B89052C66816200A826D4 /* SparIntern-Task.app */ = {isa = PBXFileReference; explicitFileType = wrapper.application; includeInIndex = 0; path = "SparIntern-Task.app"; sourceTree = BUILT_PRODUCTS_DIR; };
		340B89082C66816200A826D4 /* SparIntern_TaskApp.swift */ = {isa = PBXFileReference; lastKnownFileType = sourcecode.swift; path = SparIntern_TaskApp.swift; sourceTree = "<group>"; };
		340B890A2C66816200A826D4 /* ContentView.swift */ = {isa = PBXFileReference; lastKnownFileType = sourcecode.swift; path = ContentView.swift; sourceTree = "<group>"; };
		340B890C2C66816300A826D4 /* Assets.xcassets */ = {isa = PBXFileReference; lastKnownFileType = folder.assetcatalog; path = Assets.xcassets; sourceTree = "<group>"; };
		340B890F2C66816300A826D4 /* Preview Assets.xcassets */ = {isa = PBXFileReference; lastKnownFileType = folder.assetcatalog; path = "Preview Assets.xcassets"; sourceTree = "<group>"; };
		340B89162C66823E00A826D4 /* Product.swift */ = {isa = PBXFileReference; fileEncoding = 4; lastKnownFileType = sourcecode.swift; path = Product.swift; sourceTree = "<group>"; };
		340B89182C66823E00A826D4 /* ButtonStyleViewModifier.swift */ = {isa = PBXFileReference; fileEncoding = 4; lastKnownFileType = sourcecode.swift; path = ButtonStyleViewModifier.swift; sourceTree = "<group>"; };
		340B89192C66823E00A826D4 /* RoundedCornerShape.swift */ = {isa = PBXFileReference; fileEncoding = 4; lastKnownFileType = sourcecode.swift; path = RoundedCornerShape.swift; sourceTree = "<group>"; };
		340B891E2C66825500A826D4 /* RootView.swift */ = {isa = PBXFileReference; fileEncoding = 4; lastKnownFileType = sourcecode.swift; path = RootView.swift; sourceTree = "<group>"; };
		340B89202C66828300A826D4 /* CardInProduct.swift */ = {isa = PBXFileReference; fileEncoding = 4; lastKnownFileType = sourcecode.swift; path = CardInProduct.swift; sourceTree = "<group>"; };
		340B89212C66828300A826D4 /* ProductListView.swift */ = {isa = PBXFileReference; fileEncoding = 4; lastKnownFileType = sourcecode.swift; path = ProductListView.swift; sourceTree = "<group>"; };
		340B89232C66828300A826D4 /* GridView.swift */ = {isa = PBXFileReference; fileEncoding = 4; lastKnownFileType = sourcecode.swift; path = GridView.swift; sourceTree = "<group>"; };
		340B89242C66828300A826D4 /* ListView.swift */ = {isa = PBXFileReference; fileEncoding = 4; lastKnownFileType = sourcecode.swift; path = ListView.swift; sourceTree = "<group>"; };
		340B89252C66828300A826D4 /* ProductCard.swift */ = {isa = PBXFileReference; fileEncoding = 4; lastKnownFileType = sourcecode.swift; path = ProductCard.swift; sourceTree = "<group>"; };
		340B89272C66828300A826D4 /* CardActionList.swift */ = {isa = PBXFileReference; fileEncoding = 4; lastKnownFileType = sourcecode.swift; path = CardActionList.swift; sourceTree = "<group>"; };
		340B89282C66828300A826D4 /* CardButtonInActive.swift */ = {isa = PBXFileReference; fileEncoding = 4; lastKnownFileType = sourcecode.swift; path = CardButtonInActive.swift; sourceTree = "<group>"; };
		340B89292C66828300A826D4 /* CardButtonNoActive.swift */ = {isa = PBXFileReference; fileEncoding = 4; lastKnownFileType = sourcecode.swift; path = CardButtonNoActive.swift; sourceTree = "<group>"; };
		340B892A2C66828300A826D4 /* CardHorizontal.swift */ = {isa = PBXFileReference; fileEncoding = 4; lastKnownFileType = sourcecode.swift; path = CardHorizontal.swift; sourceTree = "<group>"; };
		340B892B2C66828300A826D4 /* CardImageSection.swift */ = {isa = PBXFileReference; fileEncoding = 4; lastKnownFileType = sourcecode.swift; path = CardImageSection.swift; sourceTree = "<group>"; };
		340B892C2C66828300A826D4 /* CardInfoSection.swift */ = {isa = PBXFileReference; fileEncoding = 4; lastKnownFileType = sourcecode.swift; path = CardInfoSection.swift; sourceTree = "<group>"; };
		340B892D2C66828300A826D4 /* CardVertical.swift */ = {isa = PBXFileReference; fileEncoding = 4; lastKnownFileType = sourcecode.swift; path = CardVertical.swift; sourceTree = "<group>"; };
		340B89302C66828300A826D4 /* ProductViewModel.swift */ = {isa = PBXFileReference; fileEncoding = 4; lastKnownFileType = sourcecode.swift; path = ProductViewModel.swift; sourceTree = "<group>"; };
/* End PBXFileReference section */

/* Begin PBXFrameworksBuildPhase section */
		340B89022C66816200A826D4 /* Frameworks */ = {
			isa = PBXFrameworksBuildPhase;
			buildActionMask = 2147483647;
			files = (
			);
			runOnlyForDeploymentPostprocessing = 0;
		};
/* End PBXFrameworksBuildPhase section */

/* Begin PBXGroup section */
		340B88FC2C66816200A826D4 = {
			isa = PBXGroup;
			children = (
				340B89072C66816200A826D4 /* SparIntern-Task */,
				340B89062C66816200A826D4 /* Products */,
			);
			sourceTree = "<group>";
		};
		340B89062C66816200A826D4 /* Products */ = {
			isa = PBXGroup;
			children = (
				340B89052C66816200A826D4 /* SparIntern-Task.app */,
			);
			name = Products;
			sourceTree = "<group>";
		};
		340B89072C66816200A826D4 /* SparIntern-Task */ = {
			isa = PBXGroup;
			children = (
				340B89082C66816200A826D4 /* SparIntern_TaskApp.swift */,
				340B890A2C66816200A826D4 /* ContentView.swift */,
				340B891E2C66825500A826D4 /* RootView.swift */,
				340B89172C66823E00A826D4 /* Model */,
				340B89312C66828300A826D4 /* ViewModel */,
				340B892F2C66828300A826D4 /* View */,
				340B891A2C66823E00A826D4 /* Extension */,
				340B890C2C66816300A826D4 /* Assets.xcassets */,
				340B890E2C66816300A826D4 /* Preview Content */,
			);
			path = "SparIntern-Task";
			sourceTree = "<group>";
		};
		340B890E2C66816300A826D4 /* Preview Content */ = {
			isa = PBXGroup;
			children = (
				340B890F2C66816300A826D4 /* Preview Assets.xcassets */,
			);
			path = "Preview Content";
			sourceTree = "<group>";
		};
		340B89172C66823E00A826D4 /* Model */ = {
			isa = PBXGroup;
			children = (
				340B89162C66823E00A826D4 /* Product.swift */,
			);
			path = Model;
			sourceTree = "<group>";
		};
		340B891A2C66823E00A826D4 /* Extension */ = {
			isa = PBXGroup;
			children = (
				340B89182C66823E00A826D4 /* ButtonStyleViewModifier.swift */,
				340B89192C66823E00A826D4 /* RoundedCornerShape.swift */,
			);
			path = Extension;
			sourceTree = "<group>";
		};
		340B89222C66828300A826D4 /* MainView */ = {
			isa = PBXGroup;
			children = (
				340B89202C66828300A826D4 /* CardInProduct.swift */,
				340B89212C66828300A826D4 /* ProductListView.swift */,
			);
			path = MainView;
			sourceTree = "<group>";
		};
		340B89262C66828300A826D4 /* SecondaryView */ = {
			isa = PBXGroup;
			children = (
				340B89232C66828300A826D4 /* GridView.swift */,
				340B89242C66828300A826D4 /* ListView.swift */,
				340B89252C66828300A826D4 /* ProductCard.swift */,
			);
			path = SecondaryView;
			sourceTree = "<group>";
		};
		340B892E2C66828300A826D4 /* ViewComponent */ = {
			isa = PBXGroup;
			children = (
				340B89272C66828300A826D4 /* CardActionList.swift */,
				340B89282C66828300A826D4 /* CardButtonInActive.swift */,
				340B89292C66828300A826D4 /* CardButtonNoActive.swift */,
				340B892A2C66828300A826D4 /* CardHorizontal.swift */,
				340B892B2C66828300A826D4 /* CardImageSection.swift */,
				340B892C2C66828300A826D4 /* CardInfoSection.swift */,
				340B892D2C66828300A826D4 /* CardVertical.swift */,
			);
			path = ViewComponent;
			sourceTree = "<group>";
		};
		340B892F2C66828300A826D4 /* View */ = {
			isa = PBXGroup;
			children = (
				340B89222C66828300A826D4 /* MainView */,
				340B89262C66828300A826D4 /* SecondaryView */,
				340B892E2C66828300A826D4 /* ViewComponent */,
			);
			path = View;
			sourceTree = "<group>";
		};
		340B89312C66828300A826D4 /* ViewModel */ = {
			isa = PBXGroup;
			children = (
				340B89302C66828300A826D4 /* ProductViewModel.swift */,
			);
			path = ViewModel;
			sourceTree = "<group>";
		};
/* End PBXGroup section */

/* Begin PBXNativeTarget section */
		340B89042C66816200A826D4 /* SparIntern-Task */ = {
			isa = PBXNativeTarget;
			buildConfigurationList = 340B89132C66816300A826D4 /* Build configuration list for PBXNativeTarget "SparIntern-Task" */;
			buildPhases = (
				340B89012C66816200A826D4 /* Sources */,
				340B89022C66816200A826D4 /* Frameworks */,
				340B89032C66816200A826D4 /* Resources */,
			);
			buildRules = (
			);
			dependencies = (
			);
			name = "SparIntern-Task";
			productName = "SparIntern-Task";
			productReference = 340B89052C66816200A826D4 /* SparIntern-Task.app */;
			productType = "com.apple.product-type.application";
		};
/* End PBXNativeTarget section */

/* Begin PBXProject section */
		340B88FD2C66816200A826D4 /* Project object */ = {
			isa = PBXProject;
			attributes = {
				BuildIndependentTargetsInParallel = 1;
				LastSwiftUpdateCheck = 1540;
				LastUpgradeCheck = 1540;
				TargetAttributes = {
					340B89042C66816200A826D4 = {
						CreatedOnToolsVersion = 15.4;
					};
				};
			};
			buildConfigurationList = 340B89002C66816200A826D4 /* Build configuration list for PBXProject "SparIntern-Task" */;
			compatibilityVersion = "Xcode 14.0";
			developmentRegion = en;
			hasScannedForEncodings = 0;
			knownRegions = (
				en,
				Base,
			);
			mainGroup = 340B88FC2C66816200A826D4;
			productRefGroup = 340B89062C66816200A826D4 /* Products */;
			projectDirPath = "";
			projectRoot = "";
			targets = (
				340B89042C66816200A826D4 /* SparIntern-Task */,
			);
		};
/* End PBXProject section */

/* Begin PBXResourcesBuildPhase section */
		340B89032C66816200A826D4 /* Resources */ = {
			isa = PBXResourcesBuildPhase;
			buildActionMask = 2147483647;
			files = (
				340B89102C66816300A826D4 /* Preview Assets.xcassets in Resources */,
				340B890D2C66816300A826D4 /* Assets.xcassets in Resources */,
			);
			runOnlyForDeploymentPostprocessing = 0;
		};
/* End PBXResourcesBuildPhase section */

/* Begin PBXSourcesBuildPhase section */
		340B89012C66816200A826D4 /* Sources */ = {
			isa = PBXSourcesBuildPhase;
			buildActionMask = 2147483647;
			files = (
				340B89332C66828300A826D4 /* ProductListView.swift in Sources */,
				340B893D2C66828300A826D4 /* CardVertical.swift in Sources */,
				340B890B2C66816200A826D4 /* ContentView.swift in Sources */,
				340B89392C66828300A826D4 /* CardButtonNoActive.swift in Sources */,
				340B893B2C66828300A826D4 /* CardImageSection.swift in Sources */,
				340B893E2C66828300A826D4 /* ProductViewModel.swift in Sources */,
				340B893A2C66828300A826D4 /* CardHorizontal.swift in Sources */,
				340B89352C66828300A826D4 /* ListView.swift in Sources */,
				340B89382C66828300A826D4 /* CardButtonInActive.swift in Sources */,
				340B89372C66828300A826D4 /* CardActionList.swift in Sources */,
				340B89092C66816200A826D4 /* SparIntern_TaskApp.swift in Sources */,
				340B891F2C66825500A826D4 /* RootView.swift in Sources */,
				340B891B2C66823E00A826D4 /* Product.swift in Sources */,
				340B891C2C66823E00A826D4 /* ButtonStyleViewModifier.swift in Sources */,
				340B89322C66828300A826D4 /* CardInProduct.swift in Sources */,
				340B89342C66828300A826D4 /* GridView.swift in Sources */,
				340B891D2C66823E00A826D4 /* RoundedCornerShape.swift in Sources */,
				340B893C2C66828300A826D4 /* CardInfoSection.swift in Sources */,
				340B89362C66828300A826D4 /* ProductCard.swift in Sources */,
			);
			runOnlyForDeploymentPostprocessing = 0;
		};
/* End PBXSourcesBuildPhase section */

/* Begin XCBuildConfiguration section */
		340B89112C66816300A826D4 /* Debug */ = {
			isa = XCBuildConfiguration;
			buildSettings = {
				ALWAYS_SEARCH_USER_PATHS = NO;
				ASSETCATALOG_COMPILER_GENERATE_SWIFT_ASSET_SYMBOL_EXTENSIONS = YES;
				CLANG_ANALYZER_NONNULL = YES;
				CLANG_ANALYZER_NUMBER_OBJECT_CONVERSION = YES_AGGRESSIVE;
				CLANG_CXX_LANGUAGE_STANDARD = "gnu++20";
				CLANG_ENABLE_MODULES = YES;
				CLANG_ENABLE_OBJC_ARC = YES;
				CLANG_ENABLE_OBJC_WEAK = YES;
				CLANG_WARN_BLOCK_CAPTURE_AUTORELEASING = YES;
				CLANG_WARN_BOOL_CONVERSION = YES;
				CLANG_WARN_COMMA = YES;
				CLANG_WARN_CONSTANT_CONVERSION = YES;
				CLANG_WARN_DEPRECATED_OBJC_IMPLEMENTATIONS = YES;
				CLANG_WARN_DIRECT_OBJC_ISA_USAGE = YES_ERROR;
				CLANG_WARN_DOCUMENTATION_COMMENTS = YES;
				CLANG_WARN_EMPTY_BODY = YES;
				CLANG_WARN_ENUM_CONVERSION = YES;
				CLANG_WARN_INFINITE_RECURSION = YES;
				CLANG_WARN_INT_CONVERSION = YES;
				CLANG_WARN_NON_LITERAL_NULL_CONVERSION = YES;
				CLANG_WARN_OBJC_IMPLICIT_RETAIN_SELF = YES;
				CLANG_WARN_OBJC_LITERAL_CONVERSION = YES;
				CLANG_WARN_OBJC_ROOT_CLASS = YES_ERROR;
				CLANG_WARN_QUOTED_INCLUDE_IN_FRAMEWORK_HEADER = YES;
				CLANG_WARN_RANGE_LOOP_ANALYSIS = YES;
				CLANG_WARN_STRICT_PROTOTYPES = YES;
				CLANG_WARN_SUSPICIOUS_MOVE = YES;
				CLANG_WARN_UNGUARDED_AVAILABILITY = YES_AGGRESSIVE;
				CLANG_WARN_UNREACHABLE_CODE = YES;
				CLANG_WARN__DUPLICATE_METHOD_MATCH = YES;
				COPY_PHASE_STRIP = NO;
				DEBUG_INFORMATION_FORMAT = dwarf;
				ENABLE_STRICT_OBJC_MSGSEND = YES;
				ENABLE_TESTABILITY = YES;
				ENABLE_USER_SCRIPT_SANDBOXING = YES;
				GCC_C_LANGUAGE_STANDARD = gnu17;
				GCC_DYNAMIC_NO_PIC = NO;
				GCC_NO_COMMON_BLOCKS = YES;
				GCC_OPTIMIZATION_LEVEL = 0;
				GCC_PREPROCESSOR_DEFINITIONS = (
					"DEBUG=1",
					"$(inherited)",
				);
				GCC_WARN_64_TO_32_BIT_CONVERSION = YES;
				GCC_WARN_ABOUT_RETURN_TYPE = YES_ERROR;
				GCC_WARN_UNDECLARED_SELECTOR = YES;
				GCC_WARN_UNINITIALIZED_AUTOS = YES_AGGRESSIVE;
				GCC_WARN_UNUSED_FUNCTION = YES;
				GCC_WARN_UNUSED_VARIABLE = YES;
				IPHONEOS_DEPLOYMENT_TARGET = 17.5;
				LOCALIZATION_PREFERS_STRING_CATALOGS = YES;
				MTL_ENABLE_DEBUG_INFO = INCLUDE_SOURCE;
				MTL_FAST_MATH = YES;
				ONLY_ACTIVE_ARCH = YES;
				SDKROOT = iphoneos;
				SWIFT_ACTIVE_COMPILATION_CONDITIONS = "DEBUG $(inherited)";
				SWIFT_OPTIMIZATION_LEVEL = "-Onone";
			};
			name = Debug;
		};
		340B89122C66816300A826D4 /* Release */ = {
			isa = XCBuildConfiguration;
			buildSettings = {
				ALWAYS_SEARCH_USER_PATHS = NO;
				ASSETCATALOG_COMPILER_GENERATE_SWIFT_ASSET_SYMBOL_EXTENSIONS = YES;
				CLANG_ANALYZER_NONNULL = YES;
				CLANG_ANALYZER_NUMBER_OBJECT_CONVERSION = YES_AGGRESSIVE;
				CLANG_CXX_LANGUAGE_STANDARD = "gnu++20";
				CLANG_ENABLE_MODULES = YES;
				CLANG_ENABLE_OBJC_ARC = YES;
				CLANG_ENABLE_OBJC_WEAK = YES;
				CLANG_WARN_BLOCK_CAPTURE_AUTORELEASING = YES;
				CLANG_WARN_BOOL_CONVERSION = YES;
				CLANG_WARN_COMMA = YES;
				CLANG_WARN_CONSTANT_CONVERSION = YES;
				CLANG_WARN_DEPRECATED_OBJC_IMPLEMENTATIONS = YES;
				CLANG_WARN_DIRECT_OBJC_ISA_USAGE = YES_ERROR;
				CLANG_WARN_DOCUMENTATION_COMMENTS = YES;
				CLANG_WARN_EMPTY_BODY = YES;
				CLANG_WARN_ENUM_CONVERSION = YES;
				CLANG_WARN_INFINITE_RECURSION = YES;
				CLANG_WARN_INT_CONVERSION = YES;
				CLANG_WARN_NON_LITERAL_NULL_CONVERSION = YES;
				CLANG_WARN_OBJC_IMPLICIT_RETAIN_SELF = YES;
				CLANG_WARN_OBJC_LITERAL_CONVERSION = YES;
				CLANG_WARN_OBJC_ROOT_CLASS = YES_ERROR;
				CLANG_WARN_QUOTED_INCLUDE_IN_FRAMEWORK_HEADER = YES;
				CLANG_WARN_RANGE_LOOP_ANALYSIS = YES;
				CLANG_WARN_STRICT_PROTOTYPES = YES;
				CLANG_WARN_SUSPICIOUS_MOVE = YES;
				CLANG_WARN_UNGUARDED_AVAILABILITY = YES_AGGRESSIVE;
				CLANG_WARN_UNREACHABLE_CODE = YES;
				CLANG_WARN__DUPLICATE_METHOD_MATCH = YES;
				COPY_PHASE_STRIP = NO;
				DEBUG_INFORMATION_FORMAT = "dwarf-with-dsym";
				ENABLE_NS_ASSERTIONS = NO;
				ENABLE_STRICT_OBJC_MSGSEND = YES;
				ENABLE_USER_SCRIPT_SANDBOXING = YES;
				GCC_C_LANGUAGE_STANDARD = gnu17;
				GCC_NO_COMMON_BLOCKS = YES;
				GCC_WARN_64_TO_32_BIT_CONVERSION = YES;
				GCC_WARN_ABOUT_RETURN_TYPE = YES_ERROR;
				GCC_WARN_UNDECLARED_SELECTOR = YES;
				GCC_WARN_UNINITIALIZED_AUTOS = YES_AGGRESSIVE;
				GCC_WARN_UNUSED_FUNCTION = YES;
				GCC_WARN_UNUSED_VARIABLE = YES;
				IPHONEOS_DEPLOYMENT_TARGET = 17.5;
				LOCALIZATION_PREFERS_STRING_CATALOGS = YES;
				MTL_ENABLE_DEBUG_INFO = NO;
				MTL_FAST_MATH = YES;
				SDKROOT = iphoneos;
				SWIFT_COMPILATION_MODE = wholemodule;
				VALIDATE_PRODUCT = YES;
			};
			name = Release;
		};
		340B89142C66816300A826D4 /* Debug */ = {
			isa = XCBuildConfiguration;
			buildSettings = {
				ASSETCATALOG_COMPILER_APPICON_NAME = AppIcon;
				ASSETCATALOG_COMPILER_GLOBAL_ACCENT_COLOR_NAME = AccentColor;
				CODE_SIGN_STYLE = Automatic;
				CURRENT_PROJECT_VERSION = 1;
				DEVELOPMENT_ASSET_PATHS = "\"SparIntern-Task/Preview Content\"";
				DEVELOPMENT_TEAM = U4A9CNA96C;
				ENABLE_PREVIEWS = YES;
				GENERATE_INFOPLIST_FILE = YES;
				INFOPLIST_KEY_UIApplicationSceneManifest_Generation = YES;
				INFOPLIST_KEY_UIApplicationSupportsIndirectInputEvents = YES;
				INFOPLIST_KEY_UILaunchScreen_Generation = YES;
				INFOPLIST_KEY_UISupportedInterfaceOrientations_iPad = "UIInterfaceOrientationPortrait UIInterfaceOrientationPortraitUpsideDown UIInterfaceOrientationLandscapeLeft UIInterfaceOrientationLandscapeRight";
				INFOPLIST_KEY_UISupportedInterfaceOrientations_iPhone = "UIInterfaceOrientationPortrait UIInterfaceOrientationLandscapeLeft UIInterfaceOrientationLandscapeRight";
				LD_RUNPATH_SEARCH_PATHS = (
					"$(inherited)",
					"@executable_path/Frameworks",
				);
				MARKETING_VERSION = 1.0;
				PRODUCT_BUNDLE_IDENTIFIER = "com.hakobghlijyan.SparIntern-Task";
				PRODUCT_NAME = "$(TARGET_NAME)";
				SWIFT_EMIT_LOC_STRINGS = YES;
				SWIFT_VERSION = 5.0;
				TARGETED_DEVICE_FAMILY = "1,2";
			};
			name = Debug;
		};
		340B89152C66816300A826D4 /* Release */ = {
			isa = XCBuildConfiguration;
			buildSettings = {
				ASSETCATALOG_COMPILER_APPICON_NAME = AppIcon;
				ASSETCATALOG_COMPILER_GLOBAL_ACCENT_COLOR_NAME = AccentColor;
				CODE_SIGN_STYLE = Automatic;
				CURRENT_PROJECT_VERSION = 1;
				DEVELOPMENT_ASSET_PATHS = "\"SparIntern-Task/Preview Content\"";
				DEVELOPMENT_TEAM = U4A9CNA96C;
				ENABLE_PREVIEWS = YES;
				GENERATE_INFOPLIST_FILE = YES;
				INFOPLIST_KEY_UIApplicationSceneManifest_Generation = YES;
				INFOPLIST_KEY_UIApplicationSupportsIndirectInputEvents = YES;
				INFOPLIST_KEY_UILaunchScreen_Generation = YES;
				INFOPLIST_KEY_UISupportedInterfaceOrientations_iPad = "UIInterfaceOrientationPortrait UIInterfaceOrientationPortraitUpsideDown UIInterfaceOrientationLandscapeLeft UIInterfaceOrientationLandscapeRight";
				INFOPLIST_KEY_UISupportedInterfaceOrientations_iPhone = "UIInterfaceOrientationPortrait UIInterfaceOrientationLandscapeLeft UIInterfaceOrientationLandscapeRight";
				LD_RUNPATH_SEARCH_PATHS = (
					"$(inherited)",
					"@executable_path/Frameworks",
				);
				MARKETING_VERSION = 1.0;
				PRODUCT_BUNDLE_IDENTIFIER = "com.hakobghlijyan.SparIntern-Task";
				PRODUCT_NAME = "$(TARGET_NAME)";
				SWIFT_EMIT_LOC_STRINGS = YES;
				SWIFT_VERSION = 5.0;
				TARGETED_DEVICE_FAMILY = "1,2";
			};
			name = Release;
		};
/* End XCBuildConfiguration section */

/* Begin XCConfigurationList section */
		340B89002C66816200A826D4 /* Build configuration list for PBXProject "SparIntern-Task" */ = {
			isa = XCConfigurationList;
			buildConfigurations = (
				340B89112C66816300A826D4 /* Debug */,
				340B89122C66816300A826D4 /* Release */,
			);
			defaultConfigurationIsVisible = 0;
			defaultConfigurationName = Release;
		};
		340B89132C66816300A826D4 /* Build configuration list for PBXNativeTarget "SparIntern-Task" */ = {
			isa = XCConfigurationList;
			buildConfigurations = (
				340B89142C66816300A826D4 /* Debug */,
				340B89152C66816300A826D4 /* Release */,
			);
			defaultConfigurationIsVisible = 0;
			defaultConfigurationName = Release;
		};
/* End XCConfigurationList section */
	};
	rootObject = 340B88FD2C66816200A826D4 /* Project object */;
}
